
Microsoft Visual Studio Solution File, Format Version 12.00
# Visual Studio Version 17
VisualStudioVersion = 17.13.35919.96 d17.13
MinimumVisualStudioVersion = 10.0.40219.1
Project("{FAE04EC0-301F-11D3-BF4B-00C04F79EFBC}") = "Наследование", "Наследование\Наследование.csproj", "{FE19D711-2820-48C7-9DF0-BB8FEE63A741}"
EndProject
Global
	GlobalSection(SolutionConfigurationPlatforms) = preSolution
		Debug|Any CPU = Debug|Any CPU
		Release|Any CPU = Release|Any CPU
	EndGlobalSection
	GlobalSection(ProjectConfigurationPlatforms) = postSolution
		{FE19D711-2820-48C7-9DF0-BB8FEE63A741}.Debug|Any CPU.ActiveCfg = Debug|Any CPU
		{FE19D711-2820-48C7-9DF0-BB8FEE63A741}.Debug|Any CPU.Build.0 = Debug|Any CPU
		{FE19D711-2820-48C7-9DF0-BB8FEE63A741}.Release|Any CPU.ActiveCfg = Release|Any CPU
		{FE19D711-2820-48C7-9DF0-BB8FEE63A741}.Release|Any CPU.Build.0 = Release|Any CPU
	EndGlobalSection
	GlobalSection(SolutionProperties) = preSolution
		HideSolutionNode = FALSE
	EndGlobalSection
	GlobalSection(ExtensibilityGlobals) = postSolution
		SolutionGuid = {7FC3D74E-E7B3-44BE-8B18-B6B9A89ED7C0}
	EndGlobalSection
EndGlobal
