
Microsoft Visual Studio Solution File, Format Version 12.00
# Visual Studio Version 17
VisualStudioVersion = 17.13.35919.96 d17.13
MinimumVisualStudioVersion = 10.0.40219.1
Project("{FAE04EC0-301F-11D3-BF4B-00C04F79EFBC}") = "Car1", "Car1\Car1.csproj", "{E85F5419-9167-4667-B6DB-675C252DABD8}"
EndProject
Global
	GlobalSection(SolutionConfigurationPlatforms) = preSolution
		Debug|Any CPU = Debug|Any CPU
		Release|Any CPU = Release|Any CPU
	EndGlobalSection
	GlobalSection(ProjectConfigurationPlatforms) = postSolution
		{E85F5419-9167-4667-B6DB-675C252DABD8}.Debug|Any CPU.ActiveCfg = Debug|Any CPU
		{E85F5419-9167-4667-B6DB-675C252DABD8}.Debug|Any CPU.Build.0 = Debug|Any CPU
		{E85F5419-9167-4667-B6DB-675C252DABD8}.Release|Any CPU.ActiveCfg = Release|Any CPU
		{E85F5419-9167-4667-B6DB-675C252DABD8}.Release|Any CPU.Build.0 = Release|Any CPU
	EndGlobalSection
	GlobalSection(SolutionProperties) = preSolution
		HideSolutionNode = FALSE
	EndGlobalSection
	GlobalSection(ExtensibilityGlobals) = postSolution
		SolutionGuid = {7122DF5D-E6DA-4008-8218-94F6AFC3C0C7}
	EndGlobalSection
EndGlobal
